
Microsoft Visual Studio Solution File, Format Version 11.00
# Visual Studio 2010
Project("{FAE04EC0-301F-11D3-BF4B-00C04F79EFBC}") = "ProcGenMeshRenderer", "Assembly-CSharp.csproj", "{1CDEA70B-D2D9-712C-FE83-A20384EFBDFF}"
EndProject
Project("{FAE04EC0-301F-11D3-BF4B-00C04F79EFBC}") = "ProcGenMeshRenderer", "Assembly-CSharp-Editor.csproj", "{993AB4E8-DAFC-01CB-2284-EE39ED011545}"
EndProject
Global
	GlobalSection(SolutionConfigurationPlatforms) = preSolution
		Debug|Any CPU = Debug|Any CPU
		Release|Any CPU = Release|Any CPU
	EndGlobalSection
	GlobalSection(ProjectConfigurationPlatforms) = postSolution
		{1CDEA70B-D2D9-712C-FE83-A20384EFBDFF}.Debug|Any CPU.ActiveCfg = Debug|Any CPU
		{1CDEA70B-D2D9-712C-FE83-A20384EFBDFF}.Debug|Any CPU.Build.0 = Debug|Any CPU
		{1CDEA70B-D2D9-712C-FE83-A20384EFBDFF}.Release|Any CPU.ActiveCfg = Release|Any CPU
		{1CDEA70B-D2D9-712C-FE83-A20384EFBDFF}.Release|Any CPU.Build.0 = Release|Any CPU
		{993AB4E8-DAFC-01CB-2284-EE39ED011545}.Debug|Any CPU.ActiveCfg = Debug|Any CPU
		{993AB4E8-DAFC-01CB-2284-EE39ED011545}.Debug|Any CPU.Build.0 = Debug|Any CPU
		{993AB4E8-DAFC-01CB-2284-EE39ED011545}.Release|Any CPU.ActiveCfg = Release|Any CPU
		{993AB4E8-DAFC-01CB-2284-EE39ED011545}.Release|Any CPU.Build.0 = Release|Any CPU
	EndGlobalSection
	GlobalSection(SolutionProperties) = preSolution
		HideSolutionNode = FALSE
	EndGlobalSection
	GlobalSection(MonoDevelopProperties) = preSolution
		StartupItem = Assembly-CSharp.csproj
	EndGlobalSection
EndGlobal
